
Microsoft Visual Studio Solution File, Format Version 12.00
# Visual Studio 15
VisualStudioVersion = 15.0.28010.2046
MinimumVisualStudioVersion = 10.0.40219.1
Project("{8BC9CEB8-8B4A-11D0-8D11-00A0C91BC942}") = "SVC18", "SVC18\SVC18.vcxproj", "{4909D9B5-150C-4430-8066-8C4EFB4EFB33}"
EndProject
Global
	GlobalSection(SolutionConfigurationPlatforms) = preSolution
		Debug|x64 = Debug|x64
		Debug|x86 = Debug|x86
		Release|x64 = Release|x64
		Release|x86 = Release|x86
	EndGlobalSection
	GlobalSection(ProjectConfigurationPlatforms) = postSolution
		{4909D9B5-150C-4430-8066-8C4EFB4EFB33}.Debug|x64.ActiveCfg = Debug|x64
		{4909D9B5-150C-4430-8066-8C4EFB4EFB33}.Debug|x64.Build.0 = Debug|x64
		{4909D9B5-150C-4430-8066-8C4EFB4EFB33}.Debug|x86.ActiveCfg = Debug|Win32
		{4909D9B5-150C-4430-8066-8C4EFB4EFB33}.Debug|x86.Build.0 = Debug|Win32
		{4909D9B5-150C-4430-8066-8C4EFB4EFB33}.Release|x64.ActiveCfg = Release|x64
		{4909D9B5-150C-4430-8066-8C4EFB4EFB33}.Release|x64.Build.0 = Release|x64
		{4909D9B5-150C-4430-8066-8C4EFB4EFB33}.Release|x86.ActiveCfg = Release|Win32
		{4909D9B5-150C-4430-8066-8C4EFB4EFB33}.Release|x86.Build.0 = Release|Win32
	EndGlobalSection
	GlobalSection(SolutionProperties) = preSolution
		HideSolutionNode = FALSE
	EndGlobalSection
	GlobalSection(ExtensibilityGlobals) = postSolution
		SolutionGuid = {8A49477E-E497-43D1-A907-C320B7D09742}
	EndGlobalSection
EndGlobal
